
Microsoft Visual Studio Solution File, Format Version 12.00
# Visual Studio Version 17
VisualStudioVersion = 17.7.34202.233
MinimumVisualStudioVersion = 10.0.40219.1
Project("{8BC9CEB8-8B4A-11D0-8D11-00A0C91BC942}") = "基于多态的职工管理系统", "基于多态的职工管理系统\基于多态的职工管理系统.vcxproj", "{1E139363-CBB4-40B7-8C56-71AB338E63E2}"
EndProject
Global
	GlobalSection(SolutionConfigurationPlatforms) = preSolution
		Debug|x64 = Debug|x64
		Debug|x86 = Debug|x86
		Release|x64 = Release|x64
		Release|x86 = Release|x86
	EndGlobalSection
	GlobalSection(ProjectConfigurationPlatforms) = postSolution
		{1E139363-CBB4-40B7-8C56-71AB338E63E2}.Debug|x64.ActiveCfg = Debug|x64
		{1E139363-CBB4-40B7-8C56-71AB338E63E2}.Debug|x64.Build.0 = Debug|x64
		{1E139363-CBB4-40B7-8C56-71AB338E63E2}.Debug|x86.ActiveCfg = Debug|Win32
		{1E139363-CBB4-40B7-8C56-71AB338E63E2}.Debug|x86.Build.0 = Debug|Win32
		{1E139363-CBB4-40B7-8C56-71AB338E63E2}.Release|x64.ActiveCfg = Release|x64
		{1E139363-CBB4-40B7-8C56-71AB338E63E2}.Release|x64.Build.0 = Release|x64
		{1E139363-CBB4-40B7-8C56-71AB338E63E2}.Release|x86.ActiveCfg = Release|Win32
		{1E139363-CBB4-40B7-8C56-71AB338E63E2}.Release|x86.Build.0 = Release|Win32
	EndGlobalSection
	GlobalSection(SolutionProperties) = preSolution
		HideSolutionNode = FALSE
	EndGlobalSection
	GlobalSection(ExtensibilityGlobals) = postSolution
		SolutionGuid = {397DBB4B-DD03-4F66-A12C-9F54CF78F7BD}
	EndGlobalSection
EndGlobal
